
Microsoft Visual Studio Solution File, Format Version 12.00
# Visual Studio Version 17
VisualStudioVersion = 17.4.33213.308
MinimumVisualStudioVersion = 10.0.40219.1
Project("{FAE04EC0-301F-11D3-BF4B-00C04F79EFBC}") = "Exercicios TI18N", "Exercicios TI18N\Exercicios TI18N.csproj", "{900701D7-C9F2-43A2-B047-5EBEA458E87C}"
EndProject
Global
	GlobalSection(SolutionConfigurationPlatforms) = preSolution
		Debug|Any CPU = Debug|Any CPU
		Release|Any CPU = Release|Any CPU
	EndGlobalSection
	GlobalSection(ProjectConfigurationPlatforms) = postSolution
		{900701D7-C9F2-43A2-B047-5EBEA458E87C}.Debug|Any CPU.ActiveCfg = Debug|Any CPU
		{900701D7-C9F2-43A2-B047-5EBEA458E87C}.Debug|Any CPU.Build.0 = Debug|Any CPU
		{900701D7-C9F2-43A2-B047-5EBEA458E87C}.Release|Any CPU.ActiveCfg = Release|Any CPU
		{900701D7-C9F2-43A2-B047-5EBEA458E87C}.Release|Any CPU.Build.0 = Release|Any CPU
	EndGlobalSection
	GlobalSection(SolutionProperties) = preSolution
		HideSolutionNode = FALSE
	EndGlobalSection
	GlobalSection(ExtensibilityGlobals) = postSolution
		SolutionGuid = {8DF6DCAC-4B16-4A8B-8FD8-BCF8FA0624A2}
	EndGlobalSection
EndGlobal
